# DO NOT EDIT MANUALLY - Managed by Fern Replay
version: "1.0"
generations:
  - commit_sha: 1bbd669bad118886472861b0de7ac12147199a28
    tree_hash: 619e540388f153c2a78f3672d37a087ae48863b7
    timestamp: 2026-08-22T11:22:06.435Z
    cli_version: unknown
    generator_versions: {}
current_generation: 1bbd669bad118886472861b0de7ac12147199a28
patches: []
