# DO NOT EDIT MANUALLY - Managed by Fern Replay
version: "1.0"
generations:
  - commit_sha: 1bbd669bad118886472861b0de7ac12147199a28
    tree_hash: 619e540388f153c2a78f3672d37a087ae48863b7
    timestamp: 2026-08-22T11:22:06.435Z
    cli_version: unknown
    generator_versions: {}
  - commit_sha: bcf1ed2ea88b57bad885171ce24a7794809884b1
    tree_hash: f69d16411e30c0edc0e14691d80c021c5053bb96
    timestamp: 2026-08-22T11:22:06.654Z
    cli_version: unknown
    generator_versions:
      fernapi/fern-php-sdk: 2.20.4
  - commit_sha: bad2a2b656a0eb9674885a2c164b68d0752d36df
    tree_hash: 548d5e243dadae8345622a22109e7e1d316371e4
    timestamp: 2026-08-22T11:51:18.510Z
    cli_version: unknown
    generator_versions:
      fernapi/fern-php-sdk: 2.20.4
  - commit_sha: bbe04f9b01e1e8526fa5984a88c4d2c85fdde953
    tree_hash: 2251c8055df53384f2d18f4bb7a7d0092d1cf2fd
    timestamp: 2026-08-22T12:03:48.532Z
    cli_version: unknown
    generator_versions:
      fernapi/fern-php-sdk: 2.20.4
current_generation: bbe04f9b01e1e8526fa5984a88c4d2c85fdde953
patches: []
